<?xml version="1.0" encoding="utf-8"?>
<Project ToolsVersion="4.0" xmlns="http://schemas.microsoft.com/developer/msbuild/2003">
  <ItemGroup>
    <Filter Include="graphics">
      <UniqueIdentifier>{3b9d5f21-8a64-4c0e-b1d7-6e2f4a9c8d53}</UniqueIdentifier>
    </Filter>
    <Filter Include="math">
      <UniqueIdentifier>{7c1e3a52-4d0b-4b8e-9f36-2a5d6e8b1c47}</UniqueIdentifier>
    </Filter>
  </ItemGroup>
  <ItemGroup>
    <ClCompile Include="BalloonEnginePreCompile.cpp" />
    <ClCompile Include="graphics\DualBlur.cpp"><Filter>graphics</Filter></ClCompile>
    <ClCompile Include="graphics\ImGuiRenderer.cpp"><Filter>graphics</Filter></ClCompile>
    <ClCompile Include="graphics\IRenderObject.cpp"><Filter>graphics</Filter></ClCompile>
    <ClCompile Include="graphics\Light.cpp"><Filter>graphics</Filter></ClCompile>
    <ClCompile Include="graphics\ModelRender.cpp"><Filter>graphics</Filter></ClCompile>
    <ClCompile Include="graphics\RenderingEngine.cpp"><Filter>graphics</Filter></ClCompile>
    <ClCompile Include="graphics\SpriteRender.cpp"><Filter>graphics</Filter></ClCompile>
    <ClCompile Include="math\LightColor.cpp"><Filter>math</Filter></ClCompile>
    <ClCompile Include="math\Transform.cpp"><Filter>math</Filter></ClCompile>
  </ItemGroup>
  <ItemGroup>
    <ClInclude Include="BalloonEngine.h" />
    <ClInclude Include="BalloonEnginePreCompile.h" />
    <ClInclude Include="graphics\DualBlur.h"><Filter>graphics</Filter></ClInclude>
    <ClInclude Include="graphics\ImGuiRenderer.h"><Filter>graphics</Filter></ClInclude>
    <ClInclude Include="graphics\IRenderObject.h"><Filter>graphics</Filter></ClInclude>
    <ClInclude Include="graphics\Light.h"><Filter>graphics</Filter></ClInclude>
    <ClInclude Include="graphics\ModelRender.h"><Filter>graphics</Filter></ClInclude>
    <ClInclude Include="graphics\RenderingEngine.h"><Filter>graphics</Filter></ClInclude>
    <ClInclude Include="graphics\ShadowRef.h"><Filter>graphics</Filter></ClInclude>
    <ClInclude Include="graphics\SpriteRender.h"><Filter>graphics</Filter></ClInclude>
    <ClInclude Include="math\LightColor.h"><Filter>math</Filter></ClInclude>
    <ClInclude Include="math\Transform.h"><Filter>math</Filter></ClInclude>
  </ItemGroup>
</Project>
